<?xml version="1.0" encoding="utf-8"?>
<Project ToolsVersion="16.0" xmlns="http://schemas.microsoft.com/developer/msbuild/2003">
  <ItemGroup>
    <ClCompile Include="C:\Users\Neil Kleist Gao\Documents\Code\C++\NginD\kernel\compress\main.cc">
      <Filter>Source Files</Filter>
    </ClCompile>
  </ItemGroup>
  <ItemGroup>
    <CustomBuild Include="C:\Users\Neil Kleist Gao\Documents\Code\C++\NginD\CMakeLists.txt" />
  </ItemGroup>
  <ItemGroup>
    <Filter Include="Source Files">
      <UniqueIdentifier>{5515F659-0E1C-3B35-8C9B-2AA11C9E18B3}</UniqueIdentifier>
    </Filter>
  </ItemGroup>
</Project>
