<?xml version="1.0" encoding="utf-8"?>
<Project ToolsVersion="16.0" xmlns="http://schemas.microsoft.com/developer/msbuild/2003">
  <ItemGroup>
    <CustomBuild Include="C:\Users\Neil Kleist Gao\Documents\Code\C++\NginD\win32\CMakeFiles\2c73ca088362fd81d6adb35a74816235\generate.stamp.rule">
      <Filter>CMake Rules</Filter>
    </CustomBuild>
  </ItemGroup>
  <ItemGroup>
    <Filter Include="CMake Rules">
      <UniqueIdentifier>{B9760F19-5CE1-345D-BA71-79FF891DC76D}</UniqueIdentifier>
    </Filter>
  </ItemGroup>
</Project>
